
Microsoft Visual Studio Solution File, Format Version 12.00
# Visual Studio 15
VisualStudioVersion = 15.0.27130.0
MinimumVisualStudioVersion = 10.0.40219.1
Project("{9A19103F-16F7-4668-BE54-9A1E7A4F7556}") = "Xam.Reactive.Location", "Xam.Reactive.Location\Xam.Reactive.Location.csproj", "{73A4E7E7-9D9F-415E-A5B4-9CE8F547D37C}"
EndProject
Project("{9A19103F-16F7-4668-BE54-9A1E7A4F7556}") = "Xam.Reactive.Location.Tests", "Xam.Reactive.Location.Tests\Xam.Reactive.Location.Tests.csproj", "{B34B1767-3A0B-439D-A2C7-538DC03298EB}"
EndProject
Project("{2150E333-8FDC-42A3-9474-1A3956D46DE8}") = "Files", "Files", "{F4A4C189-F84A-468A-AEA2-DEC341BDEEAE}"
	ProjectSection(SolutionItems) = preProject
		global.json = global.json
		Readme.md = Readme.md
		version.json = version.json
	EndProjectSection
EndProject
Project("{2150E333-8FDC-42A3-9474-1A3956D46DE8}") = "Samples", "Samples", "{C64FA431-B88F-4F84-BF88-22F505083CCB}"
EndProject
Project("{9A19103F-16F7-4668-BE54-9A1E7A4F7556}") = "RxLocation.Sample", "Samples\RxLocation.Sample\RxLocation.Sample.csproj", "{08A46107-3BF0-4C34-A3EF-297584CF51A9}"
EndProject
Project("{FAE04EC0-301F-11D3-BF4B-00C04F79EFBC}") = "RxLocation.Sample.Android", "Samples\RxLocation.Sample.Android\RxLocation.Sample.Android.csproj", "{5A960543-2F77-4C2E-BC48-45E059FAC982}"
EndProject
Project("{FAE04EC0-301F-11D3-BF4B-00C04F79EFBC}") = "RxLocation.Sample.iOS", "Samples\RxLocation.Sample.iOS\RxLocation.Sample.iOS.csproj", "{A2FC6605-5131-495A-9602-EEA176B266B0}"
EndProject
Project("{FAE04EC0-301F-11D3-BF4B-00C04F79EFBC}") = "RxLocation.Sample.UWP", "Samples\RxLocation.Sample.UWP\RxLocation.Sample.UWP.csproj", "{CF2B753C-4461-4F22-98EC-82F7454AAFAE}"
EndProject
Global
	GlobalSection(SolutionConfigurationPlatforms) = preSolution
		Ad-Hoc|Any CPU = Ad-Hoc|Any CPU
		Ad-Hoc|ARM = Ad-Hoc|ARM
		Ad-Hoc|iPhone = Ad-Hoc|iPhone
		Ad-Hoc|iPhoneSimulator = Ad-Hoc|iPhoneSimulator
		Ad-Hoc|x64 = Ad-Hoc|x64
		Ad-Hoc|x86 = Ad-Hoc|x86
		AppStore|Any CPU = AppStore|Any CPU
		AppStore|ARM = AppStore|ARM
		AppStore|iPhone = AppStore|iPhone
		AppStore|iPhoneSimulator = AppStore|iPhoneSimulator
		AppStore|x64 = AppStore|x64
		AppStore|x86 = AppStore|x86
		Debug|Any CPU = Debug|Any CPU
		Debug|ARM = Debug|ARM
		Debug|iPhone = Debug|iPhone
		Debug|iPhoneSimulator = Debug|iPhoneSimulator
		Debug|x64 = Debug|x64
		Debug|x86 = Debug|x86
		Release|Any CPU = Release|Any CPU
		Release|ARM = Release|ARM
		Release|iPhone = Release|iPhone
		Release|iPhoneSimulator = Release|iPhoneSimulator
		Release|x64 = Release|x64
		Release|x86 = Release|x86
	EndGlobalSection
	GlobalSection(ProjectConfigurationPlatforms) = postSolution
		{73A4E7E7-9D9F-415E-A5B4-9CE8F547D37C}.Ad-Hoc|Any CPU.ActiveCfg = Release|Any CPU
		{73A4E7E7-9D9F-415E-A5B4-9CE8F547D37C}.Ad-Hoc|Any CPU.Build.0 = Release|Any CPU
		{73A4E7E7-9D9F-415E-A5B4-9CE8F547D37C}.Ad-Hoc|ARM.ActiveCfg = Release|Any CPU
		{73A4E7E7-9D9F-415E-A5B4-9CE8F547D37C}.Ad-Hoc|ARM.Build.0 = Release|Any CPU
		{73A4E7E7-9D9F-415E-A5B4-9CE8F547D37C}.Ad-Hoc|iPhone.ActiveCfg = Release|Any CPU
		{73A4E7E7-9D9F-415E-A5B4-9CE8F547D37C}.Ad-Hoc|iPhone.Build.0 = Release|Any CPU
		{73A4E7E7-9D9F-415E-A5B4-9CE8F547D37C}.Ad-Hoc|iPhoneSimulator.ActiveCfg = Release|Any CPU
		{73A4E7E7-9D9F-415E-A5B4-9CE8F547D37C}.Ad-Hoc|iPhoneSimulator.Build.0 = Release|Any CPU
		{73A4E7E7-9D9F-415E-A5B4-9CE8F547D37C}.Ad-Hoc|x64.ActiveCfg = Release|Any CPU
		{73A4E7E7-9D9F-415E-A5B4-9CE8F547D37C}.Ad-Hoc|x64.Build.0 = Release|Any CPU
		{73A4E7E7-9D9F-415E-A5B4-9CE8F547D37C}.Ad-Hoc|x86.ActiveCfg = Release|Any CPU
		{73A4E7E7-9D9F-415E-A5B4-9CE8F547D37C}.Ad-Hoc|x86.Build.0 = Release|Any CPU
		{73A4E7E7-9D9F-415E-A5B4-9CE8F547D37C}.AppStore|Any CPU.ActiveCfg = Release|Any CPU
		{73A4E7E7-9D9F-415E-A5B4-9CE8F547D37C}.AppStore|Any CPU.Build.0 = Release|Any CPU
		{73A4E7E7-9D9F-415E-A5B4-9CE8F547D37C}.AppStore|ARM.ActiveCfg = Release|Any CPU
		{73A4E7E7-9D9F-415E-A5B4-9CE8F547D37C}.AppStore|ARM.Build.0 = Release|Any CPU
		{73A4E7E7-9D9F-415E-A5B4-9CE8F547D37C}.AppStore|iPhone.ActiveCfg = Release|Any CPU
		{73A4E7E7-9D9F-415E-A5B4-9CE8F547D37C}.AppStore|iPhone.Build.0 = Release|Any CPU
		{73A4E7E7-9D9F-415E-A5B4-9CE8F547D37C}.AppStore|iPhoneSimulator.ActiveCfg = Release|Any CPU
		{73A4E7E7-9D9F-415E-A5B4-9CE8F547D37C}.AppStore|iPhoneSimulator.Build.0 = Release|Any CPU
		{73A4E7E7-9D9F-415E-A5B4-9CE8F547D37C}.AppStore|x64.ActiveCfg = Release|Any CPU
		{73A4E7E7-9D9F-415E-A5B4-9CE8F547D37C}.AppStore|x64.Build.0 = Release|Any CPU
		{73A4E7E7-9D9F-415E-A5B4-9CE8F547D37C}.AppStore|x86.ActiveCfg = Release|Any CPU
		{73A4E7E7-9D9F-415E-A5B4-9CE8F547D37C}.AppStore|x86.Build.0 = Release|Any CPU
		{73A4E7E7-9D9F-415E-A5B4-9CE8F547D37C}.Debug|Any CPU.ActiveCfg = Debug|Any CPU
		{73A4E7E7-9D9F-415E-A5B4-9CE8F547D37C}.Debug|Any CPU.Build.0 = Debug|Any CPU
		{73A4E7E7-9D9F-415E-A5B4-9CE8F547D37C}.Debug|ARM.ActiveCfg = Debug|Any CPU
		{73A4E7E7-9D9F-415E-A5B4-9CE8F547D37C}.Debug|ARM.Build.0 = Debug|Any CPU
		{73A4E7E7-9D9F-415E-A5B4-9CE8F547D37C}.Debug|iPhone.ActiveCfg = Debug|Any CPU
		{73A4E7E7-9D9F-415E-A5B4-9CE8F547D37C}.Debug|iPhone.Build.0 = Debug|Any CPU
		{73A4E7E7-9D9F-415E-A5B4-9CE8F547D37C}.Debug|iPhoneSimulator.ActiveCfg = Debug|Any CPU
		{73A4E7E7-9D9F-415E-A5B4-9CE8F547D37C}.Debug|iPhoneSimulator.Build.0 = Debug|Any CPU
		{73A4E7E7-9D9F-415E-A5B4-9CE8F547D37C}.Debug|x64.ActiveCfg = Debug|Any CPU
		{73A4E7E7-9D9F-415E-A5B4-9CE8F547D37C}.Debug|x64.Build.0 = Debug|Any CPU
		{73A4E7E7-9D9F-415E-A5B4-9CE8F547D37C}.Debug|x86.ActiveCfg = Debug|Any CPU
		{73A4E7E7-9D9F-415E-A5B4-9CE8F547D37C}.Debug|x86.Build.0 = Debug|Any CPU
		{73A4E7E7-9D9F-415E-A5B4-9CE8F547D37C}.Release|Any CPU.ActiveCfg = Release|Any CPU
		{73A4E7E7-9D9F-415E-A5B4-9CE8F547D37C}.Release|Any CPU.Build.0 = Release|Any CPU
		{73A4E7E7-9D9F-415E-A5B4-9CE8F547D37C}.Release|ARM.ActiveCfg = Release|Any CPU
		{73A4E7E7-9D9F-415E-A5B4-9CE8F547D37C}.Release|ARM.Build.0 = Release|Any CPU
		{73A4E7E7-9D9F-415E-A5B4-9CE8F547D37C}.Release|iPhone.ActiveCfg = Release|Any CPU
		{73A4E7E7-9D9F-415E-A5B4-9CE8F547D37C}.Release|iPhone.Build.0 = Release|Any CPU
		{73A4E7E7-9D9F-415E-A5B4-9CE8F547D37C}.Release|iPhoneSimulator.ActiveCfg = Release|Any CPU
		{73A4E7E7-9D9F-415E-A5B4-9CE8F547D37C}.Release|iPhoneSimulator.Build.0 = Release|Any CPU
		{73A4E7E7-9D9F-415E-A5B4-9CE8F547D37C}.Release|x64.ActiveCfg = Release|Any CPU
		{73A4E7E7-9D9F-415E-A5B4-9CE8F547D37C}.Release|x64.Build.0 = Release|Any CPU
		{73A4E7E7-9D9F-415E-A5B4-9CE8F547D37C}.Release|x86.ActiveCfg = Release|Any CPU
		{73A4E7E7-9D9F-415E-A5B4-9CE8F547D37C}.Release|x86.Build.0 = Release|Any CPU
		{B34B1767-3A0B-439D-A2C7-538DC03298EB}.Ad-Hoc|Any CPU.ActiveCfg = Release|Any CPU
		{B34B1767-3A0B-439D-A2C7-538DC03298EB}.Ad-Hoc|Any CPU.Build.0 = Release|Any CPU
		{B34B1767-3A0B-439D-A2C7-538DC03298EB}.Ad-Hoc|ARM.ActiveCfg = Release|Any CPU
		{B34B1767-3A0B-439D-A2C7-538DC03298EB}.Ad-Hoc|ARM.Build.0 = Release|Any CPU
		{B34B1767-3A0B-439D-A2C7-538DC03298EB}.Ad-Hoc|iPhone.ActiveCfg = Release|Any CPU
		{B34B1767-3A0B-439D-A2C7-538DC03298EB}.Ad-Hoc|iPhone.Build.0 = Release|Any CPU
		{B34B1767-3A0B-439D-A2C7-538DC03298EB}.Ad-Hoc|iPhoneSimulator.ActiveCfg = Release|Any CPU
		{B34B1767-3A0B-439D-A2C7-538DC03298EB}.Ad-Hoc|iPhoneSimulator.Build.0 = Release|Any CPU
		{B34B1767-3A0B-439D-A2C7-538DC03298EB}.Ad-Hoc|x64.ActiveCfg = Release|Any CPU
		{B34B1767-3A0B-439D-A2C7-538DC03298EB}.Ad-Hoc|x64.Build.0 = Release|Any CPU
		{B34B1767-3A0B-439D-A2C7-538DC03298EB}.Ad-Hoc|x86.ActiveCfg = Release|Any CPU
		{B34B1767-3A0B-439D-A2C7-538DC03298EB}.Ad-Hoc|x86.Build.0 = Release|Any CPU
		{B34B1767-3A0B-439D-A2C7-538DC03298EB}.AppStore|Any CPU.ActiveCfg = Release|Any CPU
		{B34B1767-3A0B-439D-A2C7-538DC03298EB}.AppStore|Any CPU.Build.0 = Release|Any CPU
		{B34B1767-3A0B-439D-A2C7-538DC03298EB}.AppStore|ARM.ActiveCfg = Release|Any CPU
		{B34B1767-3A0B-439D-A2C7-538DC03298EB}.AppStore|ARM.Build.0 = Release|Any CPU
		{B34B1767-3A0B-439D-A2C7-538DC03298EB}.AppStore|iPhone.ActiveCfg = Release|Any CPU
		{B34B1767-3A0B-439D-A2C7-538DC03298EB}.AppStore|iPhone.Build.0 = Release|Any CPU
		{B34B1767-3A0B-439D-A2C7-538DC03298EB}.AppStore|iPhoneSimulator.ActiveCfg = Release|Any CPU
		{B34B1767-3A0B-439D-A2C7-538DC03298EB}.AppStore|iPhoneSimulator.Build.0 = Release|Any CPU
		{B34B1767-3A0B-439D-A2C7-538DC03298EB}.AppStore|x64.ActiveCfg = Release|Any CPU
		{B34B1767-3A0B-439D-A2C7-538DC03298EB}.AppStore|x64.Build.0 = Release|Any CPU
		{B34B1767-3A0B-439D-A2C7-538DC03298EB}.AppStore|x86.ActiveCfg = Release|Any CPU
		{B34B1767-3A0B-439D-A2C7-538DC03298EB}.AppStore|x86.Build.0 = Release|Any CPU
		{B34B1767-3A0B-439D-A2C7-538DC03298EB}.Debug|Any CPU.ActiveCfg = Debug|Any CPU
		{B34B1767-3A0B-439D-A2C7-538DC03298EB}.Debug|Any CPU.Build.0 = Debug|Any CPU
		{B34B1767-3A0B-439D-A2C7-538DC03298EB}.Debug|ARM.ActiveCfg = Debug|Any CPU
		{B34B1767-3A0B-439D-A2C7-538DC03298EB}.Debug|ARM.Build.0 = Debug|Any CPU
		{B34B1767-3A0B-439D-A2C7-538DC03298EB}.Debug|iPhone.ActiveCfg = Debug|Any CPU
		{B34B1767-3A0B-439D-A2C7-538DC03298EB}.Debug|iPhone.Build.0 = Debug|Any CPU
		{B34B1767-3A0B-439D-A2C7-538DC03298EB}.Debug|iPhoneSimulator.ActiveCfg = Debug|Any CPU
		{B34B1767-3A0B-439D-A2C7-538DC03298EB}.Debug|iPhoneSimulator.Build.0 = Debug|Any CPU
		{B34B1767-3A0B-439D-A2C7-538DC03298EB}.Debug|x64.ActiveCfg = Debug|Any CPU
		{B34B1767-3A0B-439D-A2C7-538DC03298EB}.Debug|x64.Build.0 = Debug|Any CPU
		{B34B1767-3A0B-439D-A2C7-538DC03298EB}.Debug|x86.ActiveCfg = Debug|Any CPU
		{B34B1767-3A0B-439D-A2C7-538DC03298EB}.Debug|x86.Build.0 = Debug|Any CPU
		{B34B1767-3A0B-439D-A2C7-538DC03298EB}.Release|Any CPU.ActiveCfg = Release|Any CPU
		{B34B1767-3A0B-439D-A2C7-538DC03298EB}.Release|Any CPU.Build.0 = Release|Any CPU
		{B34B1767-3A0B-439D-A2C7-538DC03298EB}.Release|ARM.ActiveCfg = Release|Any CPU
		{B34B1767-3A0B-439D-A2C7-538DC03298EB}.Release|ARM.Build.0 = Release|Any CPU
		{B34B1767-3A0B-439D-A2C7-538DC03298EB}.Release|iPhone.ActiveCfg = Release|Any CPU
		{B34B1767-3A0B-439D-A2C7-538DC03298EB}.Release|iPhone.Build.0 = Release|Any CPU
		{B34B1767-3A0B-439D-A2C7-538DC03298EB}.Release|iPhoneSimulator.ActiveCfg = Release|Any CPU
		{B34B1767-3A0B-439D-A2C7-538DC03298EB}.Release|iPhoneSimulator.Build.0 = Release|Any CPU
		{B34B1767-3A0B-439D-A2C7-538DC03298EB}.Release|x64.ActiveCfg = Release|Any CPU
		{B34B1767-3A0B-439D-A2C7-538DC03298EB}.Release|x64.Build.0 = Release|Any CPU
		{B34B1767-3A0B-439D-A2C7-538DC03298EB}.Release|x86.ActiveCfg = Release|Any CPU
		{B34B1767-3A0B-439D-A2C7-538DC03298EB}.Release|x86.Build.0 = Release|Any CPU
		{08A46107-3BF0-4C34-A3EF-297584CF51A9}.Ad-Hoc|Any CPU.ActiveCfg = Debug|Any CPU
		{08A46107-3BF0-4C34-A3EF-297584CF51A9}.Ad-Hoc|Any CPU.Build.0 = Debug|Any CPU
		{08A46107-3BF0-4C34-A3EF-297584CF51A9}.Ad-Hoc|ARM.ActiveCfg = Debug|Any CPU
		{08A46107-3BF0-4C34-A3EF-297584CF51A9}.Ad-Hoc|ARM.Build.0 = Debug|Any CPU
		{08A46107-3BF0-4C34-A3EF-297584CF51A9}.Ad-Hoc|iPhone.ActiveCfg = Debug|Any CPU
		{08A46107-3BF0-4C34-A3EF-297584CF51A9}.Ad-Hoc|iPhone.Build.0 = Debug|Any CPU
		{08A46107-3BF0-4C34-A3EF-297584CF51A9}.Ad-Hoc|iPhoneSimulator.ActiveCfg = Debug|Any CPU
		{08A46107-3BF0-4C34-A3EF-297584CF51A9}.Ad-Hoc|iPhoneSimulator.Build.0 = Debug|Any CPU
		{08A46107-3BF0-4C34-A3EF-297584CF51A9}.Ad-Hoc|x64.ActiveCfg = Debug|Any CPU
		{08A46107-3BF0-4C34-A3EF-297584CF51A9}.Ad-Hoc|x64.Build.0 = Debug|Any CPU
		{08A46107-3BF0-4C34-A3EF-297584CF51A9}.Ad-Hoc|x86.ActiveCfg = Debug|Any CPU
		{08A46107-3BF0-4C34-A3EF-297584CF51A9}.Ad-Hoc|x86.Build.0 = Debug|Any CPU
		{08A46107-3BF0-4C34-A3EF-297584CF51A9}.AppStore|Any CPU.ActiveCfg = Debug|Any CPU
		{08A46107-3BF0-4C34-A3EF-297584CF51A9}.AppStore|Any CPU.Build.0 = Debug|Any CPU
		{08A46107-3BF0-4C34-A3EF-297584CF51A9}.AppStore|ARM.ActiveCfg = Debug|Any CPU
		{08A46107-3BF0-4C34-A3EF-297584CF51A9}.AppStore|ARM.Build.0 = Debug|Any CPU
		{08A46107-3BF0-4C34-A3EF-297584CF51A9}.AppStore|iPhone.ActiveCfg = Debug|Any CPU
		{08A46107-3BF0-4C34-A3EF-297584CF51A9}.AppStore|iPhone.Build.0 = Debug|Any CPU
		{08A46107-3BF0-4C34-A3EF-297584CF51A9}.AppStore|iPhoneSimulator.ActiveCfg = Debug|Any CPU
		{08A46107-3BF0-4C34-A3EF-297584CF51A9}.AppStore|iPhoneSimulator.Build.0 = Debug|Any CPU
		{08A46107-3BF0-4C34-A3EF-297584CF51A9}.AppStore|x64.ActiveCfg = Debug|Any CPU
		{08A46107-3BF0-4C34-A3EF-297584CF51A9}.AppStore|x64.Build.0 = Debug|Any CPU
		{08A46107-3BF0-4C34-A3EF-297584CF51A9}.AppStore|x86.ActiveCfg = Debug|Any CPU
		{08A46107-3BF0-4C34-A3EF-297584CF51A9}.AppStore|x86.Build.0 = Debug|Any CPU
		{08A46107-3BF0-4C34-A3EF-297584CF51A9}.Debug|Any CPU.ActiveCfg = Debug|Any CPU
		{08A46107-3BF0-4C34-A3EF-297584CF51A9}.Debug|Any CPU.Build.0 = Debug|Any CPU
		{08A46107-3BF0-4C34-A3EF-297584CF51A9}.Debug|ARM.ActiveCfg = Debug|Any CPU
		{08A46107-3BF0-4C34-A3EF-297584CF51A9}.Debug|ARM.Build.0 = Debug|Any CPU
		{08A46107-3BF0-4C34-A3EF-297584CF51A9}.Debug|iPhone.ActiveCfg = Debug|Any CPU
		{08A46107-3BF0-4C34-A3EF-297584CF51A9}.Debug|iPhone.Build.0 = Debug|Any CPU
		{08A46107-3BF0-4C34-A3EF-297584CF51A9}.Debug|iPhoneSimulator.ActiveCfg = Debug|Any CPU
		{08A46107-3BF0-4C34-A3EF-297584CF51A9}.Debug|iPhoneSimulator.Build.0 = Debug|Any CPU
		{08A46107-3BF0-4C34-A3EF-297584CF51A9}.Debug|x64.ActiveCfg = Debug|Any CPU
		{08A46107-3BF0-4C34-A3EF-297584CF51A9}.Debug|x64.Build.0 = Debug|Any CPU
		{08A46107-3BF0-4C34-A3EF-297584CF51A9}.Debug|x86.ActiveCfg = Debug|Any CPU
		{08A46107-3BF0-4C34-A3EF-297584CF51A9}.Debug|x86.Build.0 = Debug|Any CPU
		{08A46107-3BF0-4C34-A3EF-297584CF51A9}.Release|Any CPU.ActiveCfg = Release|Any CPU
		{08A46107-3BF0-4C34-A3EF-297584CF51A9}.Release|Any CPU.Build.0 = Release|Any CPU
		{08A46107-3BF0-4C34-A3EF-297584CF51A9}.Release|ARM.ActiveCfg = Release|Any CPU
		{08A46107-3BF0-4C34-A3EF-297584CF51A9}.Release|ARM.Build.0 = Release|Any CPU
		{08A46107-3BF0-4C34-A3EF-297584CF51A9}.Release|iPhone.ActiveCfg = Release|Any CPU
		{08A46107-3BF0-4C34-A3EF-297584CF51A9}.Release|iPhone.Build.0 = Release|Any CPU
		{08A46107-3BF0-4C34-A3EF-297584CF51A9}.Release|iPhoneSimulator.ActiveCfg = Release|Any CPU
		{08A46107-3BF0-4C34-A3EF-297584CF51A9}.Release|iPhoneSimulator.Build.0 = Release|Any CPU
		{08A46107-3BF0-4C34-A3EF-297584CF51A9}.Release|x64.ActiveCfg = Release|Any CPU
		{08A46107-3BF0-4C34-A3EF-297584CF51A9}.Release|x64.Build.0 = Release|Any CPU
		{08A46107-3BF0-4C34-A3EF-297584CF51A9}.Release|x86.ActiveCfg = Release|Any CPU
		{08A46107-3BF0-4C34-A3EF-297584CF51A9}.Release|x86.Build.0 = Release|Any CPU
		{5A960543-2F77-4C2E-BC48-45E059FAC982}.Ad-Hoc|Any CPU.ActiveCfg = Release|Any CPU
		{5A960543-2F77-4C2E-BC48-45E059FAC982}.Ad-Hoc|Any CPU.Build.0 = Release|Any CPU
		{5A960543-2F77-4C2E-BC48-45E059FAC982}.Ad-Hoc|Any CPU.Deploy.0 = Release|Any CPU
		{5A960543-2F77-4C2E-BC48-45E059FAC982}.Ad-Hoc|ARM.ActiveCfg = Release|Any CPU
		{5A960543-2F77-4C2E-BC48-45E059FAC982}.Ad-Hoc|ARM.Build.0 = Release|Any CPU
		{5A960543-2F77-4C2E-BC48-45E059FAC982}.Ad-Hoc|ARM.Deploy.0 = Release|Any CPU
		{5A960543-2F77-4C2E-BC48-45E059FAC982}.Ad-Hoc|iPhone.ActiveCfg = Release|Any CPU
		{5A960543-2F77-4C2E-BC48-45E059FAC982}.Ad-Hoc|iPhone.Build.0 = Release|Any CPU
		{5A960543-2F77-4C2E-BC48-45E059FAC982}.Ad-Hoc|iPhone.Deploy.0 = Release|Any CPU
		{5A960543-2F77-4C2E-BC48-45E059FAC982}.Ad-Hoc|iPhoneSimulator.ActiveCfg = Release|Any CPU
		{5A960543-2F77-4C2E-BC48-45E059FAC982}.Ad-Hoc|iPhoneSimulator.Build.0 = Release|Any CPU
		{5A960543-2F77-4C2E-BC48-45E059FAC982}.Ad-Hoc|iPhoneSimulator.Deploy.0 = Release|Any CPU
		{5A960543-2F77-4C2E-BC48-45E059FAC982}.Ad-Hoc|x64.ActiveCfg = Release|Any CPU
		{5A960543-2F77-4C2E-BC48-45E059FAC982}.Ad-Hoc|x64.Build.0 = Release|Any CPU
		{5A960543-2F77-4C2E-BC48-45E059FAC982}.Ad-Hoc|x64.Deploy.0 = Release|Any CPU
		{5A960543-2F77-4C2E-BC48-45E059FAC982}.Ad-Hoc|x86.ActiveCfg = Release|Any CPU
		{5A960543-2F77-4C2E-BC48-45E059FAC982}.Ad-Hoc|x86.Build.0 = Release|Any CPU
		{5A960543-2F77-4C2E-BC48-45E059FAC982}.Ad-Hoc|x86.Deploy.0 = Release|Any CPU
		{5A960543-2F77-4C2E-BC48-45E059FAC982}.AppStore|Any CPU.ActiveCfg = Release|Any CPU
		{5A960543-2F77-4C2E-BC48-45E059FAC982}.AppStore|Any CPU.Build.0 = Release|Any CPU
		{5A960543-2F77-4C2E-BC48-45E059FAC982}.AppStore|Any CPU.Deploy.0 = Release|Any CPU
		{5A960543-2F77-4C2E-BC48-45E059FAC982}.AppStore|ARM.ActiveCfg = Release|Any CPU
		{5A960543-2F77-4C2E-BC48-45E059FAC982}.AppStore|ARM.Build.0 = Release|Any CPU
		{5A960543-2F77-4C2E-BC48-45E059FAC982}.AppStore|ARM.Deploy.0 = Release|Any CPU
		{5A960543-2F77-4C2E-BC48-45E059FAC982}.AppStore|iPhone.ActiveCfg = Release|Any CPU
		{5A960543-2F77-4C2E-BC48-45E059FAC982}.AppStore|iPhone.Build.0 = Release|Any CPU
		{5A960543-2F77-4C2E-BC48-45E059FAC982}.AppStore|iPhone.Deploy.0 = Release|Any CPU
		{5A960543-2F77-4C2E-BC48-45E059FAC982}.AppStore|iPhoneSimulator.ActiveCfg = Release|Any CPU
		{5A960543-2F77-4C2E-BC48-45E059FAC982}.AppStore|iPhoneSimulator.Build.0 = Release|Any CPU
		{5A960543-2F77-4C2E-BC48-45E059FAC982}.AppStore|iPhoneSimulator.Deploy.0 = Release|Any CPU
		{5A960543-2F77-4C2E-BC48-45E059FAC982}.AppStore|x64.ActiveCfg = Release|Any CPU
		{5A960543-2F77-4C2E-BC48-45E059FAC982}.AppStore|x64.Build.0 = Release|Any CPU
		{5A960543-2F77-4C2E-BC48-45E059FAC982}.AppStore|x64.Deploy.0 = Release|Any CPU
		{5A960543-2F77-4C2E-BC48-45E059FAC982}.AppStore|x86.ActiveCfg = Release|Any CPU
		{5A960543-2F77-4C2E-BC48-45E059FAC982}.AppStore|x86.Build.0 = Release|Any CPU
		{5A960543-2F77-4C2E-BC48-45E059FAC982}.AppStore|x86.Deploy.0 = Release|Any CPU
		{5A960543-2F77-4C2E-BC48-45E059FAC982}.Debug|Any CPU.ActiveCfg = Debug|Any CPU
		{5A960543-2F77-4C2E-BC48-45E059FAC982}.Debug|Any CPU.Build.0 = Debug|Any CPU
		{5A960543-2F77-4C2E-BC48-45E059FAC982}.Debug|Any CPU.Deploy.0 = Debug|Any CPU
		{5A960543-2F77-4C2E-BC48-45E059FAC982}.Debug|ARM.ActiveCfg = Debug|Any CPU
		{5A960543-2F77-4C2E-BC48-45E059FAC982}.Debug|ARM.Build.0 = Debug|Any CPU
		{5A960543-2F77-4C2E-BC48-45E059FAC982}.Debug|ARM.Deploy.0 = Debug|Any CPU
		{5A960543-2F77-4C2E-BC48-45E059FAC982}.Debug|iPhone.ActiveCfg = Debug|Any CPU
		{5A960543-2F77-4C2E-BC48-45E059FAC982}.Debug|iPhone.Build.0 = Debug|Any CPU
		{5A960543-2F77-4C2E-BC48-45E059FAC982}.Debug|iPhone.Deploy.0 = Debug|Any CPU
		{5A960543-2F77-4C2E-BC48-45E059FAC982}.Debug|iPhoneSimulator.ActiveCfg = Debug|Any CPU
		{5A960543-2F77-4C2E-BC48-45E059FAC982}.Debug|iPhoneSimulator.Build.0 = Debug|Any CPU
		{5A960543-2F77-4C2E-BC48-45E059FAC982}.Debug|iPhoneSimulator.Deploy.0 = Debug|Any CPU
		{5A960543-2F77-4C2E-BC48-45E059FAC982}.Debug|x64.ActiveCfg = Debug|Any CPU
		{5A960543-2F77-4C2E-BC48-45E059FAC982}.Debug|x64.Build.0 = Debug|Any CPU
		{5A960543-2F77-4C2E-BC48-45E059FAC982}.Debug|x64.Deploy.0 = Debug|Any CPU
		{5A960543-2F77-4C2E-BC48-45E059FAC982}.Debug|x86.ActiveCfg = Debug|Any CPU
		{5A960543-2F77-4C2E-BC48-45E059FAC982}.Debug|x86.Build.0 = Debug|Any CPU
		{5A960543-2F77-4C2E-BC48-45E059FAC982}.Debug|x86.Deploy.0 = Debug|Any CPU
		{5A960543-2F77-4C2E-BC48-45E059FAC982}.Release|Any CPU.ActiveCfg = Release|Any CPU
		{5A960543-2F77-4C2E-BC48-45E059FAC982}.Release|Any CPU.Build.0 = Release|Any CPU
		{5A960543-2F77-4C2E-BC48-45E059FAC982}.Release|Any CPU.Deploy.0 = Release|Any CPU
		{5A960543-2F77-4C2E-BC48-45E059FAC982}.Release|ARM.ActiveCfg = Release|Any CPU
		{5A960543-2F77-4C2E-BC48-45E059FAC982}.Release|ARM.Build.0 = Release|Any CPU
		{5A960543-2F77-4C2E-BC48-45E059FAC982}.Release|ARM.Deploy.0 = Release|Any CPU
		{5A960543-2F77-4C2E-BC48-45E059FAC982}.Release|iPhone.ActiveCfg = Release|Any CPU
		{5A960543-2F77-4C2E-BC48-45E059FAC982}.Release|iPhone.Build.0 = Release|Any CPU
		{5A960543-2F77-4C2E-BC48-45E059FAC982}.Release|iPhone.Deploy.0 = Release|Any CPU
		{5A960543-2F77-4C2E-BC48-45E059FAC982}.Release|iPhoneSimulator.ActiveCfg = Release|Any CPU
		{5A960543-2F77-4C2E-BC48-45E059FAC982}.Release|iPhoneSimulator.Build.0 = Release|Any CPU
		{5A960543-2F77-4C2E-BC48-45E059FAC982}.Release|iPhoneSimulator.Deploy.0 = Release|Any CPU
		{5A960543-2F77-4C2E-BC48-45E059FAC982}.Release|x64.ActiveCfg = Release|Any CPU
		{5A960543-2F77-4C2E-BC48-45E059FAC982}.Release|x64.Build.0 = Release|Any CPU
		{5A960543-2F77-4C2E-BC48-45E059FAC982}.Release|x64.Deploy.0 = Release|Any CPU
		{5A960543-2F77-4C2E-BC48-45E059FAC982}.Release|x86.ActiveCfg = Release|Any CPU
		{5A960543-2F77-4C2E-BC48-45E059FAC982}.Release|x86.Build.0 = Release|Any CPU
		{5A960543-2F77-4C2E-BC48-45E059FAC982}.Release|x86.Deploy.0 = Release|Any CPU
		{A2FC6605-5131-495A-9602-EEA176B266B0}.Ad-Hoc|Any CPU.ActiveCfg = Ad-Hoc|iPhone
		{A2FC6605-5131-495A-9602-EEA176B266B0}.Ad-Hoc|ARM.ActiveCfg = Ad-Hoc|iPhone
		{A2FC6605-5131-495A-9602-EEA176B266B0}.Ad-Hoc|iPhone.ActiveCfg = Ad-Hoc|iPhone
		{A2FC6605-5131-495A-9602-EEA176B266B0}.Ad-Hoc|iPhone.Build.0 = Ad-Hoc|iPhone
		{A2FC6605-5131-495A-9602-EEA176B266B0}.Ad-Hoc|iPhoneSimulator.ActiveCfg = Ad-Hoc|iPhoneSimulator
		{A2FC6605-5131-495A-9602-EEA176B266B0}.Ad-Hoc|iPhoneSimulator.Build.0 = Ad-Hoc|iPhoneSimulator
		{A2FC6605-5131-495A-9602-EEA176B266B0}.Ad-Hoc|x64.ActiveCfg = Ad-Hoc|iPhone
		{A2FC6605-5131-495A-9602-EEA176B266B0}.Ad-Hoc|x86.ActiveCfg = Ad-Hoc|iPhone
		{A2FC6605-5131-495A-9602-EEA176B266B0}.AppStore|Any CPU.ActiveCfg = AppStore|iPhone
		{A2FC6605-5131-495A-9602-EEA176B266B0}.AppStore|ARM.ActiveCfg = AppStore|iPhone
		{A2FC6605-5131-495A-9602-EEA176B266B0}.AppStore|iPhone.ActiveCfg = AppStore|iPhone
		{A2FC6605-5131-495A-9602-EEA176B266B0}.AppStore|iPhone.Build.0 = AppStore|iPhone
		{A2FC6605-5131-495A-9602-EEA176B266B0}.AppStore|iPhoneSimulator.ActiveCfg = AppStore|iPhoneSimulator
		{A2FC6605-5131-495A-9602-EEA176B266B0}.AppStore|iPhoneSimulator.Build.0 = AppStore|iPhoneSimulator
		{A2FC6605-5131-495A-9602-EEA176B266B0}.AppStore|x64.ActiveCfg = AppStore|iPhone
		{A2FC6605-5131-495A-9602-EEA176B266B0}.AppStore|x86.ActiveCfg = AppStore|iPhone
		{A2FC6605-5131-495A-9602-EEA176B266B0}.Debug|Any CPU.ActiveCfg = Debug|iPhone
		{A2FC6605-5131-495A-9602-EEA176B266B0}.Debug|ARM.ActiveCfg = Debug|iPhone
		{A2FC6605-5131-495A-9602-EEA176B266B0}.Debug|iPhone.ActiveCfg = Debug|iPhone
		{A2FC6605-5131-495A-9602-EEA176B266B0}.Debug|iPhone.Build.0 = Debug|iPhone
		{A2FC6605-5131-495A-9602-EEA176B266B0}.Debug|iPhoneSimulator.ActiveCfg = Debug|iPhoneSimulator
		{A2FC6605-5131-495A-9602-EEA176B266B0}.Debug|iPhoneSimulator.Build.0 = Debug|iPhoneSimulator
		{A2FC6605-5131-495A-9602-EEA176B266B0}.Debug|x64.ActiveCfg = Debug|iPhone
		{A2FC6605-5131-495A-9602-EEA176B266B0}.Debug|x86.ActiveCfg = Debug|iPhone
		{A2FC6605-5131-495A-9602-EEA176B266B0}.Release|Any CPU.ActiveCfg = Release|iPhone
		{A2FC6605-5131-495A-9602-EEA176B266B0}.Release|ARM.ActiveCfg = Release|iPhone
		{A2FC6605-5131-495A-9602-EEA176B266B0}.Release|iPhone.ActiveCfg = Release|iPhone
		{A2FC6605-5131-495A-9602-EEA176B266B0}.Release|iPhone.Build.0 = Release|iPhone
		{A2FC6605-5131-495A-9602-EEA176B266B0}.Release|iPhoneSimulator.ActiveCfg = Release|iPhoneSimulator
		{A2FC6605-5131-495A-9602-EEA176B266B0}.Release|iPhoneSimulator.Build.0 = Release|iPhoneSimulator
		{A2FC6605-5131-495A-9602-EEA176B266B0}.Release|x64.ActiveCfg = Release|iPhone
		{A2FC6605-5131-495A-9602-EEA176B266B0}.Release|x86.ActiveCfg = Release|iPhone
		{CF2B753C-4461-4F22-98EC-82F7454AAFAE}.Ad-Hoc|Any CPU.ActiveCfg = Release|x86
		{CF2B753C-4461-4F22-98EC-82F7454AAFAE}.Ad-Hoc|Any CPU.Build.0 = Release|x86
		{CF2B753C-4461-4F22-98EC-82F7454AAFAE}.Ad-Hoc|Any CPU.Deploy.0 = Release|x86
		{CF2B753C-4461-4F22-98EC-82F7454AAFAE}.Ad-Hoc|ARM.ActiveCfg = Release|ARM
		{CF2B753C-4461-4F22-98EC-82F7454AAFAE}.Ad-Hoc|ARM.Build.0 = Release|ARM
		{CF2B753C-4461-4F22-98EC-82F7454AAFAE}.Ad-Hoc|ARM.Deploy.0 = Release|ARM
		{CF2B753C-4461-4F22-98EC-82F7454AAFAE}.Ad-Hoc|iPhone.ActiveCfg = Release|x86
		{CF2B753C-4461-4F22-98EC-82F7454AAFAE}.Ad-Hoc|iPhone.Build.0 = Release|x86
		{CF2B753C-4461-4F22-98EC-82F7454AAFAE}.Ad-Hoc|iPhone.Deploy.0 = Release|x86
		{CF2B753C-4461-4F22-98EC-82F7454AAFAE}.Ad-Hoc|iPhoneSimulator.ActiveCfg = Release|x86
		{CF2B753C-4461-4F22-98EC-82F7454AAFAE}.Ad-Hoc|iPhoneSimulator.Build.0 = Release|x86
		{CF2B753C-4461-4F22-98EC-82F7454AAFAE}.Ad-Hoc|iPhoneSimulator.Deploy.0 = Release|x86
		{CF2B753C-4461-4F22-98EC-82F7454AAFAE}.Ad-Hoc|x64.ActiveCfg = Release|x64
		{CF2B753C-4461-4F22-98EC-82F7454AAFAE}.Ad-Hoc|x64.Build.0 = Release|x64
		{CF2B753C-4461-4F22-98EC-82F7454AAFAE}.Ad-Hoc|x64.Deploy.0 = Release|x64
		{CF2B753C-4461-4F22-98EC-82F7454AAFAE}.Ad-Hoc|x86.ActiveCfg = Release|x86
		{CF2B753C-4461-4F22-98EC-82F7454AAFAE}.Ad-Hoc|x86.Build.0 = Release|x86
		{CF2B753C-4461-4F22-98EC-82F7454AAFAE}.Ad-Hoc|x86.Deploy.0 = Release|x86
		{CF2B753C-4461-4F22-98EC-82F7454AAFAE}.AppStore|Any CPU.ActiveCfg = Release|x86
		{CF2B753C-4461-4F22-98EC-82F7454AAFAE}.AppStore|Any CPU.Build.0 = Release|x86
		{CF2B753C-4461-4F22-98EC-82F7454AAFAE}.AppStore|Any CPU.Deploy.0 = Release|x86
		{CF2B753C-4461-4F22-98EC-82F7454AAFAE}.AppStore|ARM.ActiveCfg = Release|ARM
		{CF2B753C-4461-4F22-98EC-82F7454AAFAE}.AppStore|ARM.Build.0 = Release|ARM
		{CF2B753C-4461-4F22-98EC-82F7454AAFAE}.AppStore|ARM.Deploy.0 = Release|ARM
		{CF2B753C-4461-4F22-98EC-82F7454AAFAE}.AppStore|iPhone.ActiveCfg = Release|x86
		{CF2B753C-4461-4F22-98EC-82F7454AAFAE}.AppStore|iPhone.Build.0 = Release|x86
		{CF2B753C-4461-4F22-98EC-82F7454AAFAE}.AppStore|iPhone.Deploy.0 = Release|x86
		{CF2B753C-4461-4F22-98EC-82F7454AAFAE}.AppStore|iPhoneSimulator.ActiveCfg = Release|x86
		{CF2B753C-4461-4F22-98EC-82F7454AAFAE}.AppStore|iPhoneSimulator.Build.0 = Release|x86
		{CF2B753C-4461-4F22-98EC-82F7454AAFAE}.AppStore|iPhoneSimulator.Deploy.0 = Release|x86
		{CF2B753C-4461-4F22-98EC-82F7454AAFAE}.AppStore|x64.ActiveCfg = Release|x64
		{CF2B753C-4461-4F22-98EC-82F7454AAFAE}.AppStore|x64.Build.0 = Release|x64
		{CF2B753C-4461-4F22-98EC-82F7454AAFAE}.AppStore|x64.Deploy.0 = Release|x64
		{CF2B753C-4461-4F22-98EC-82F7454AAFAE}.AppStore|x86.ActiveCfg = Release|x86
		{CF2B753C-4461-4F22-98EC-82F7454AAFAE}.AppStore|x86.Build.0 = Release|x86
		{CF2B753C-4461-4F22-98EC-82F7454AAFAE}.AppStore|x86.Deploy.0 = Release|x86
		{CF2B753C-4461-4F22-98EC-82F7454AAFAE}.Debug|Any CPU.ActiveCfg = Debug|x86
		{CF2B753C-4461-4F22-98EC-82F7454AAFAE}.Debug|ARM.ActiveCfg = Debug|ARM
		{CF2B753C-4461-4F22-98EC-82F7454AAFAE}.Debug|ARM.Build.0 = Debug|ARM
		{CF2B753C-4461-4F22-98EC-82F7454AAFAE}.Debug|ARM.Deploy.0 = Debug|ARM
		{CF2B753C-4461-4F22-98EC-82F7454AAFAE}.Debug|iPhone.ActiveCfg = Debug|x86
		{CF2B753C-4461-4F22-98EC-82F7454AAFAE}.Debug|iPhoneSimulator.ActiveCfg = Debug|x86
		{CF2B753C-4461-4F22-98EC-82F7454AAFAE}.Debug|x64.ActiveCfg = Debug|x64
		{CF2B753C-4461-4F22-98EC-82F7454AAFAE}.Debug|x64.Build.0 = Debug|x64
		{CF2B753C-4461-4F22-98EC-82F7454AAFAE}.Debug|x64.Deploy.0 = Debug|x64
		{CF2B753C-4461-4F22-98EC-82F7454AAFAE}.Debug|x86.ActiveCfg = Debug|x86
		{CF2B753C-4461-4F22-98EC-82F7454AAFAE}.Debug|x86.Build.0 = Debug|x86
		{CF2B753C-4461-4F22-98EC-82F7454AAFAE}.Debug|x86.Deploy.0 = Debug|x86
		{CF2B753C-4461-4F22-98EC-82F7454AAFAE}.Release|Any CPU.ActiveCfg = Release|x86
		{CF2B753C-4461-4F22-98EC-82F7454AAFAE}.Release|ARM.ActiveCfg = Release|ARM
		{CF2B753C-4461-4F22-98EC-82F7454AAFAE}.Release|ARM.Build.0 = Release|ARM
		{CF2B753C-4461-4F22-98EC-82F7454AAFAE}.Release|ARM.Deploy.0 = Release|ARM
		{CF2B753C-4461-4F22-98EC-82F7454AAFAE}.Release|iPhone.ActiveCfg = Release|x86
		{CF2B753C-4461-4F22-98EC-82F7454AAFAE}.Release|iPhoneSimulator.ActiveCfg = Release|x86
		{CF2B753C-4461-4F22-98EC-82F7454AAFAE}.Release|x64.ActiveCfg = Release|x64
		{CF2B753C-4461-4F22-98EC-82F7454AAFAE}.Release|x64.Build.0 = Release|x64
		{CF2B753C-4461-4F22-98EC-82F7454AAFAE}.Release|x64.Deploy.0 = Release|x64
		{CF2B753C-4461-4F22-98EC-82F7454AAFAE}.Release|x86.ActiveCfg = Release|x86
		{CF2B753C-4461-4F22-98EC-82F7454AAFAE}.Release|x86.Build.0 = Release|x86
		{CF2B753C-4461-4F22-98EC-82F7454AAFAE}.Release|x86.Deploy.0 = Release|x86
	EndGlobalSection
	GlobalSection(SolutionProperties) = preSolution
		HideSolutionNode = FALSE
	EndGlobalSection
	GlobalSection(NestedProjects) = preSolution
		{08A46107-3BF0-4C34-A3EF-297584CF51A9} = {C64FA431-B88F-4F84-BF88-22F505083CCB}
		{5A960543-2F77-4C2E-BC48-45E059FAC982} = {C64FA431-B88F-4F84-BF88-22F505083CCB}
		{A2FC6605-5131-495A-9602-EEA176B266B0} = {C64FA431-B88F-4F84-BF88-22F505083CCB}
		{CF2B753C-4461-4F22-98EC-82F7454AAFAE} = {C64FA431-B88F-4F84-BF88-22F505083CCB}
	EndGlobalSection
	GlobalSection(ExtensibilityGlobals) = postSolution
		SolutionGuid = {EDE2B312-6C8B-4006-9D65-2A665DF56031}
	EndGlobalSection
EndGlobal
